// !$*UTF8*$!
{
	archiveVersion = 1;
	classes = {
	};
	objectVersion = 56;
	objects = {

/* Begin PBXBuildFile section */
		9F2FA1C32AEFBF2300A8621D /* SparklineCharts.swift in Sources */ = {isa = PBXBuildFile; fileRef = 9F2FA1C22AEFBF2300A8621D /* SparklineCharts.swift */; };
		9F2FA1C62AEFC3F900A8621D /* CryptoDetailView.swift in Sources */ = {isa = PBXBuildFile; fileRef = 9F2FA1C52AEFC3F900A8621D /* CryptoDetailView.swift */; };
		9F2FA1CB2AEFC4B900A8621D /* Bundle.swift in Sources */ = {isa = PBXBuildFile; fileRef = 9F2FA1CA2AEFC4B900A8621D /* Bundle.swift */; };
		9F2FA1CF2AEFCA8A00A8621D /* markets.json in Resources */ = {isa = PBXBuildFile; fileRef = 9F2FA1CE2AEFCA8A00A8621D /* markets.json */; };
		9F2FA1D22AEFCDFB00A8621D /* CryptoImageView.swift in Sources */ = {isa = PBXBuildFile; fileRef = 9F2FA1D12AEFCDFB00A8621D /* CryptoImageView.swift */; };
		9F2FA1D42AEFEE4B00A8621D /* NumberExtensions.swift in Sources */ = {isa = PBXBuildFile; fileRef = 9F2FA1D32AEFEE4B00A8621D /* NumberExtensions.swift */; };
		9F2FA1D72AF044B500A8621D /* AccountsView.swift in Sources */ = {isa = PBXBuildFile; fileRef = 9F2FA1D62AF044B500A8621D /* AccountsView.swift */; };
		9F2FA1D92AF1170C00A8621D /* Account.swift in Sources */ = {isa = PBXBuildFile; fileRef = 9F2FA1D82AF1170C00A8621D /* Account.swift */; };
		9F2FA1DD2AF139A300A8621D /* CryptoDetailViewModel.swift in Sources */ = {isa = PBXBuildFile; fileRef = 9F2FA1DC2AF139A300A8621D /* CryptoDetailViewModel.swift */; };
		9F2FA1E02AF186EF00A8621D /* AddHoldingsSheetView.swift in Sources */ = {isa = PBXBuildFile; fileRef = 9F2FA1DF2AF186EF00A8621D /* AddHoldingsSheetView.swift */; };
		9F2FA1E32AF25B2000A8621D /* IconTextView.swift in Sources */ = {isa = PBXBuildFile; fileRef = 9F2FA1E22AF25B2000A8621D /* IconTextView.swift */; };
		9F2FA1E52AF2629800A8621D /* MarketDataRow.swift in Sources */ = {isa = PBXBuildFile; fileRef = 9F2FA1E42AF2629800A8621D /* MarketDataRow.swift */; };
		9F94A88F2AEEAF9600169871 /* Alert.swift in Sources */ = {isa = PBXBuildFile; fileRef = 9F94A88E2AEEAF9600169871 /* Alert.swift */; };
		9F94A8912AEEB76900169871 /* Formatters.swift in Sources */ = {isa = PBXBuildFile; fileRef = 9F94A8902AEEB76900169871 /* Formatters.swift */; };
		9F94A8932AEECBDD00169871 /* UIKit.swift in Sources */ = {isa = PBXBuildFile; fileRef = 9F94A8922AEECBDD00169871 /* UIKit.swift */; };
		9F94A8952AEECC0000169871 /* View.swift in Sources */ = {isa = PBXBuildFile; fileRef = 9F94A8942AEECC0000169871 /* View.swift */; };
		9F94A89E2AEEDFE000169871 /* Crypto.xcdatamodeld in Sources */ = {isa = PBXBuildFile; fileRef = 9F94A89C2AEEDFE000169871 /* Crypto.xcdatamodeld */; };
		9FA8595C2AEE72B8006F30EE /* CryptoApp.swift in Sources */ = {isa = PBXBuildFile; fileRef = 9FA8595B2AEE72B8006F30EE /* CryptoApp.swift */; };
		9FA859602AEE72B9006F30EE /* Assets.xcassets in Resources */ = {isa = PBXBuildFile; fileRef = 9FA8595F2AEE72B9006F30EE /* Assets.xcassets */; };
		9FA859632AEE72B9006F30EE /* Preview Assets.xcassets in Resources */ = {isa = PBXBuildFile; fileRef = 9FA859622AEE72B9006F30EE /* Preview Assets.xcassets */; };
		9FA859652AEE72B9006F30EE /* Persistence.swift in Sources */ = {isa = PBXBuildFile; fileRef = 9FA859642AEE72B9006F30EE /* Persistence.swift */; };
		9FA859722AEE72B9006F30EE /* CryptoTests.swift in Sources */ = {isa = PBXBuildFile; fileRef = 9FA859712AEE72B9006F30EE /* CryptoTests.swift */; };
		9FA8597C2AEE72B9006F30EE /* CryptoUITests.swift in Sources */ = {isa = PBXBuildFile; fileRef = 9FA8597B2AEE72B9006F30EE /* CryptoUITests.swift */; };
		9FA8597E2AEE72B9006F30EE /* CryptoUITestsLaunchTests.swift in Sources */ = {isa = PBXBuildFile; fileRef = 9FA8597D2AEE72B9006F30EE /* CryptoUITestsLaunchTests.swift */; };
		9FA859942AEE7D02006F30EE /* HomeView.swift in Sources */ = {isa = PBXBuildFile; fileRef = 9FA859932AEE7D02006F30EE /* HomeView.swift */; };
		9FA859982AEE7F3C006F30EE /* Colors.swift in Sources */ = {isa = PBXBuildFile; fileRef = 9FA859972AEE7F3C006F30EE /* Colors.swift */; };
		9FA859A62AEE8471006F30EE /* Acumin-ItPro.ttf in Resources */ = {isa = PBXBuildFile; fileRef = 9FA859A22AEE8471006F30EE /* Acumin-ItPro.ttf */; };
		9FA859A72AEE8471006F30EE /* Acumin-BdItPro.ttf in Resources */ = {isa = PBXBuildFile; fileRef = 9FA859A32AEE8471006F30EE /* Acumin-BdItPro.ttf */; };
		9FA859A82AEE8471006F30EE /* Acumin-RPro.ttf in Resources */ = {isa = PBXBuildFile; fileRef = 9FA859A42AEE8471006F30EE /* Acumin-RPro.ttf */; };
		9FA859A92AEE8471006F30EE /* Acumin-BdPro.ttf in Resources */ = {isa = PBXBuildFile; fileRef = 9FA859A52AEE8471006F30EE /* Acumin-BdPro.ttf */; };
		9FA859AC2AEE85C0006F30EE /* Fonts.swift in Sources */ = {isa = PBXBuildFile; fileRef = 9FA859AB2AEE85C0006F30EE /* Fonts.swift */; };
		9FA859AF2AEE877A006F30EE /* CustomTabBarContainerView.swift in Sources */ = {isa = PBXBuildFile; fileRef = 9FA859AE2AEE877A006F30EE /* CustomTabBarContainerView.swift */; };
		9FA859B12AEE8798006F30EE /* CustomTabBarView.swift in Sources */ = {isa = PBXBuildFile; fileRef = 9FA859B02AEE8798006F30EE /* CustomTabBarView.swift */; };
		9FA859B32AEE87B9006F30EE /* TabBarItem.swift in Sources */ = {isa = PBXBuildFile; fileRef = 9FA859B22AEE87B9006F30EE /* TabBarItem.swift */; };
		9FA859B52AEE87DF006F30EE /* TabBarItemsPreferenceKey.swift in Sources */ = {isa = PBXBuildFile; fileRef = 9FA859B42AEE87DF006F30EE /* TabBarItemsPreferenceKey.swift */; };
		9FA859B92AEE93C8006F30EE /* TrackViewModel.swift in Sources */ = {isa = PBXBuildFile; fileRef = 9FA859B82AEE93C8006F30EE /* TrackViewModel.swift */; };
		9FA859BB2AEE9460006F30EE /* TrackView.swift in Sources */ = {isa = PBXBuildFile; fileRef = 9FA859BA2AEE9460006F30EE /* TrackView.swift */; };
		9FA859BD2AEE9497006F30EE /* BaseNetworkManager.swift in Sources */ = {isa = PBXBuildFile; fileRef = 9FA859BC2AEE9497006F30EE /* BaseNetworkManager.swift */; };
		9FA859BF2AEE94A5006F30EE /* NetworkManager.swift in Sources */ = {isa = PBXBuildFile; fileRef = 9FA859BE2AEE94A5006F30EE /* NetworkManager.swift */; };
		9FA859C62AEE958E006F30EE /* Constants.swift in Sources */ = {isa = PBXBuildFile; fileRef = 9FA859C52AEE958E006F30EE /* Constants.swift */; };
		9FA859C82AEE963E006F30EE /* Pagination.swift in Sources */ = {isa = PBXBuildFile; fileRef = 9FA859C72AEE963E006F30EE /* Pagination.swift */; };
		9FA859CA2AEE96E8006F30EE /* CryptoError.swift in Sources */ = {isa = PBXBuildFile; fileRef = 9FA859C92AEE96E8006F30EE /* CryptoError.swift */; };
		9FA859CC2AEE9FA7006F30EE /* Cryptocurrency.swift in Sources */ = {isa = PBXBuildFile; fileRef = 9FA859CB2AEE9FA7006F30EE /* Cryptocurrency.swift */; };
		9FE6BB4D2AEEF105007905FB /* CryptoRow.swift in Sources */ = {isa = PBXBuildFile; fileRef = 9FE6BB4C2AEEF105007905FB /* CryptoRow.swift */; };
/* End PBXBuildFile section */

/* Begin PBXContainerItemProxy section */
		9FA8596E2AEE72B9006F30EE /* PBXContainerItemProxy */ = {
			isa = PBXContainerItemProxy;
			containerPortal = 9FA859502AEE72B8006F30EE /* Project object */;
			proxyType = 1;
			remoteGlobalIDString = 9FA859572AEE72B8006F30EE;
			remoteInfo = Crypto;
		};
		9FA859782AEE72B9006F30EE /* PBXContainerItemProxy */ = {
			isa = PBXContainerItemProxy;
			containerPortal = 9FA859502AEE72B8006F30EE /* Project object */;
			proxyType = 1;
			remoteGlobalIDString = 9FA859572AEE72B8006F30EE;
			remoteInfo = Crypto;
		};
/* End PBXContainerItemProxy section */

/* Begin PBXFileReference section */
		9F2FA1C22AEFBF2300A8621D /* SparklineCharts.swift */ = {isa = PBXFileReference; lastKnownFileType = sourcecode.swift; path = SparklineCharts.swift; sourceTree = "<group>"; };
		9F2FA1C52AEFC3F900A8621D /* CryptoDetailView.swift */ = {isa = PBXFileReference; lastKnownFileType = sourcecode.swift; path = CryptoDetailView.swift; sourceTree = "<group>"; };
		9F2FA1CA2AEFC4B900A8621D /* Bundle.swift */ = {isa = PBXFileReference; lastKnownFileType = sourcecode.swift; path = Bundle.swift; sourceTree = "<group>"; };
		9F2FA1CE2AEFCA8A00A8621D /* markets.json */ = {isa = PBXFileReference; fileEncoding = 4; lastKnownFileType = text.json; path = markets.json; sourceTree = "<group>"; };
		9F2FA1D12AEFCDFB00A8621D /* CryptoImageView.swift */ = {isa = PBXFileReference; lastKnownFileType = sourcecode.swift; path = CryptoImageView.swift; sourceTree = "<group>"; };
		9F2FA1D32AEFEE4B00A8621D /* NumberExtensions.swift */ = {isa = PBXFileReference; lastKnownFileType = sourcecode.swift; path = NumberExtensions.swift; sourceTree = "<group>"; };
		9F2FA1D62AF044B500A8621D /* AccountsView.swift */ = {isa = PBXFileReference; lastKnownFileType = sourcecode.swift; path = AccountsView.swift; sourceTree = "<group>"; };
		9F2FA1D82AF1170C00A8621D /* Account.swift */ = {isa = PBXFileReference; lastKnownFileType = sourcecode.swift; path = Account.swift; sourceTree = "<group>"; };
		9F2FA1DC2AF139A300A8621D /* CryptoDetailViewModel.swift */ = {isa = PBXFileReference; lastKnownFileType = sourcecode.swift; path = CryptoDetailViewModel.swift; sourceTree = "<group>"; };
		9F2FA1DF2AF186EF00A8621D /* AddHoldingsSheetView.swift */ = {isa = PBXFileReference; lastKnownFileType = sourcecode.swift; path = AddHoldingsSheetView.swift; sourceTree = "<group>"; };
		9F2FA1E22AF25B2000A8621D /* IconTextView.swift */ = {isa = PBXFileReference; lastKnownFileType = sourcecode.swift; path = IconTextView.swift; sourceTree = "<group>"; };
		9F2FA1E42AF2629800A8621D /* MarketDataRow.swift */ = {isa = PBXFileReference; lastKnownFileType = sourcecode.swift; path = MarketDataRow.swift; sourceTree = "<group>"; };
		9F94A88E2AEEAF9600169871 /* Alert.swift */ = {isa = PBXFileReference; lastKnownFileType = sourcecode.swift; path = Alert.swift; sourceTree = "<group>"; };
		9F94A8902AEEB76900169871 /* Formatters.swift */ = {isa = PBXFileReference; lastKnownFileType = sourcecode.swift; path = Formatters.swift; sourceTree = "<group>"; };
		9F94A8922AEECBDD00169871 /* UIKit.swift */ = {isa = PBXFileReference; lastKnownFileType = sourcecode.swift; path = UIKit.swift; sourceTree = "<group>"; };
		9F94A8942AEECC0000169871 /* View.swift */ = {isa = PBXFileReference; lastKnownFileType = sourcecode.swift; path = View.swift; sourceTree = "<group>"; };
		9F94A89D2AEEDFE000169871 /* Crypto.xcdatamodel */ = {isa = PBXFileReference; lastKnownFileType = wrapper.xcdatamodel; path = Crypto.xcdatamodel; sourceTree = "<group>"; };
		9FA859582AEE72B8006F30EE /* Crypto.app */ = {isa = PBXFileReference; explicitFileType = wrapper.application; includeInIndex = 0; path = Crypto.app; sourceTree = BUILT_PRODUCTS_DIR; };
		9FA8595B2AEE72B8006F30EE /* CryptoApp.swift */ = {isa = PBXFileReference; lastKnownFileType = sourcecode.swift; path = CryptoApp.swift; sourceTree = "<group>"; };
		9FA8595F2AEE72B9006F30EE /* Assets.xcassets */ = {isa = PBXFileReference; lastKnownFileType = folder.assetcatalog; path = Assets.xcassets; sourceTree = "<group>"; };
		9FA859622AEE72B9006F30EE /* Preview Assets.xcassets */ = {isa = PBXFileReference; lastKnownFileType = folder.assetcatalog; path = "Preview Assets.xcassets"; sourceTree = "<group>"; };
		9FA859642AEE72B9006F30EE /* Persistence.swift */ = {isa = PBXFileReference; lastKnownFileType = sourcecode.swift; path = Persistence.swift; sourceTree = "<group>"; };
		9FA8596D2AEE72B9006F30EE /* CryptoTests.xctest */ = {isa = PBXFileReference; explicitFileType = wrapper.cfbundle; includeInIndex = 0; path = CryptoTests.xctest; sourceTree = BUILT_PRODUCTS_DIR; };
		9FA859712AEE72B9006F30EE /* CryptoTests.swift */ = {isa = PBXFileReference; lastKnownFileType = sourcecode.swift; path = CryptoTests.swift; sourceTree = "<group>"; };
		9FA859772AEE72B9006F30EE /* CryptoUITests.xctest */ = {isa = PBXFileReference; explicitFileType = wrapper.cfbundle; includeInIndex = 0; path = CryptoUITests.xctest; sourceTree = BUILT_PRODUCTS_DIR; };
		9FA8597B2AEE72B9006F30EE /* CryptoUITests.swift */ = {isa = PBXFileReference; lastKnownFileType = sourcecode.swift; path = CryptoUITests.swift; sourceTree = "<group>"; };
		9FA8597D2AEE72B9006F30EE /* CryptoUITestsLaunchTests.swift */ = {isa = PBXFileReference; lastKnownFileType = sourcecode.swift; path = CryptoUITestsLaunchTests.swift; sourceTree = "<group>"; };
		9FA859932AEE7D02006F30EE /* HomeView.swift */ = {isa = PBXFileReference; lastKnownFileType = sourcecode.swift; path = HomeView.swift; sourceTree = "<group>"; };
		9FA859972AEE7F3C006F30EE /* Colors.swift */ = {isa = PBXFileReference; lastKnownFileType = sourcecode.swift; path = Colors.swift; sourceTree = "<group>"; };
		9FA859A22AEE8471006F30EE /* Acumin-ItPro.ttf */ = {isa = PBXFileReference; lastKnownFileType = file; path = "Acumin-ItPro.ttf"; sourceTree = "<group>"; };
		9FA859A32AEE8471006F30EE /* Acumin-BdItPro.ttf */ = {isa = PBXFileReference; lastKnownFileType = file; path = "Acumin-BdItPro.ttf"; sourceTree = "<group>"; };
		9FA859A42AEE8471006F30EE /* Acumin-RPro.ttf */ = {isa = PBXFileReference; lastKnownFileType = file; path = "Acumin-RPro.ttf"; sourceTree = "<group>"; };
		9FA859A52AEE8471006F30EE /* Acumin-BdPro.ttf */ = {isa = PBXFileReference; lastKnownFileType = file; path = "Acumin-BdPro.ttf"; sourceTree = "<group>"; };
		9FA859AA2AEE84CB006F30EE /* Info.plist */ = {isa = PBXFileReference; lastKnownFileType = text.plist; path = Info.plist; sourceTree = "<group>"; };
		9FA859AB2AEE85C0006F30EE /* Fonts.swift */ = {isa = PBXFileReference; lastKnownFileType = sourcecode.swift; path = Fonts.swift; sourceTree = "<group>"; };
		9FA859AE2AEE877A006F30EE /* CustomTabBarContainerView.swift */ = {isa = PBXFileReference; lastKnownFileType = sourcecode.swift; path = CustomTabBarContainerView.swift; sourceTree = "<group>"; };
		9FA859B02AEE8798006F30EE /* CustomTabBarView.swift */ = {isa = PBXFileReference; lastKnownFileType = sourcecode.swift; path = CustomTabBarView.swift; sourceTree = "<group>"; };
		9FA859B22AEE87B9006F30EE /* TabBarItem.swift */ = {isa = PBXFileReference; lastKnownFileType = sourcecode.swift; path = TabBarItem.swift; sourceTree = "<group>"; };
		9FA859B42AEE87DF006F30EE /* TabBarItemsPreferenceKey.swift */ = {isa = PBXFileReference; lastKnownFileType = sourcecode.swift; path = TabBarItemsPreferenceKey.swift; sourceTree = "<group>"; };
		9FA859B82AEE93C8006F30EE /* TrackViewModel.swift */ = {isa = PBXFileReference; lastKnownFileType = sourcecode.swift; path = TrackViewModel.swift; sourceTree = "<group>"; };
		9FA859BA2AEE9460006F30EE /* TrackView.swift */ = {isa = PBXFileReference; lastKnownFileType = sourcecode.swift; path = TrackView.swift; sourceTree = "<group>"; };
		9FA859BC2AEE9497006F30EE /* BaseNetworkManager.swift */ = {isa = PBXFileReference; lastKnownFileType = sourcecode.swift; path = BaseNetworkManager.swift; sourceTree = "<group>"; };
		9FA859BE2AEE94A5006F30EE /* NetworkManager.swift */ = {isa = PBXFileReference; lastKnownFileType = sourcecode.swift; path = NetworkManager.swift; sourceTree = "<group>"; };
		9FA859C52AEE958E006F30EE /* Constants.swift */ = {isa = PBXFileReference; lastKnownFileType = sourcecode.swift; path = Constants.swift; sourceTree = "<group>"; };
		9FA859C72AEE963E006F30EE /* Pagination.swift */ = {isa = PBXFileReference; lastKnownFileType = sourcecode.swift; path = Pagination.swift; sourceTree = "<group>"; };
		9FA859C92AEE96E8006F30EE /* CryptoError.swift */ = {isa = PBXFileReference; lastKnownFileType = sourcecode.swift; path = CryptoError.swift; sourceTree = "<group>"; };
		9FA859CB2AEE9FA7006F30EE /* Cryptocurrency.swift */ = {isa = PBXFileReference; lastKnownFileType = sourcecode.swift; path = Cryptocurrency.swift; sourceTree = "<group>"; };
		9FE6BB4C2AEEF105007905FB /* CryptoRow.swift */ = {isa = PBXFileReference; lastKnownFileType = sourcecode.swift; path = CryptoRow.swift; sourceTree = "<group>"; };
/* End PBXFileReference section */

/* Begin PBXFrameworksBuildPhase section */
		9FA859552AEE72B8006F30EE /* Frameworks */ = {
			isa = PBXFrameworksBuildPhase;
			buildActionMask = 2147483647;
			files = (
			);
			runOnlyForDeploymentPostprocessing = 0;
		};
		9FA8596A2AEE72B9006F30EE /* Frameworks */ = {
			isa = PBXFrameworksBuildPhase;
			buildActionMask = 2147483647;
			files = (
			);
			runOnlyForDeploymentPostprocessing = 0;
		};
		9FA859742AEE72B9006F30EE /* Frameworks */ = {
			isa = PBXFrameworksBuildPhase;
			buildActionMask = 2147483647;
			files = (
			);
			runOnlyForDeploymentPostprocessing = 0;
		};
/* End PBXFrameworksBuildPhase section */

/* Begin PBXGroup section */
		9F2FA1C12AEFBF1100A8621D /* Charts */ = {
			isa = PBXGroup;
			children = (
				9F2FA1C22AEFBF2300A8621D /* SparklineCharts.swift */,
			);
			path = Charts;
			sourceTree = "<group>";
		};
		9F2FA1C42AEFC3E800A8621D /* CryptoDetail */ = {
			isa = PBXGroup;
			children = (
				9F2FA1C52AEFC3F900A8621D /* CryptoDetailView.swift */,
				9F2FA1DC2AF139A300A8621D /* CryptoDetailViewModel.swift */,
			);
			path = CryptoDetail;
			sourceTree = "<group>";
		};
		9F2FA1C72AEFC44200A8621D /* Placeholders */ = {
			isa = PBXGroup;
			children = (
				9F2FA1CE2AEFCA8A00A8621D /* markets.json */,
			);
			path = Placeholders;
			sourceTree = "<group>";
		};
		9F2FA1D02AEFCDEA00A8621D /* Images */ = {
			isa = PBXGroup;
			children = (
				9F2FA1D12AEFCDFB00A8621D /* CryptoImageView.swift */,
			);
			path = Images;
			sourceTree = "<group>";
		};
		9F2FA1D52AF0449900A8621D /* Accounts */ = {
			isa = PBXGroup;
			children = (
				9F2FA1D62AF044B500A8621D /* AccountsView.swift */,
			);
			path = Accounts;
			sourceTree = "<group>";
		};
		9F2FA1DE2AF186D500A8621D /* Sheets */ = {
			isa = PBXGroup;
			children = (
				9F2FA1DF2AF186EF00A8621D /* AddHoldingsSheetView.swift */,
			);
			path = Sheets;
			sourceTree = "<group>";
		};
		9F2FA1E12AF25B0E00A8621D /* Icons */ = {
			isa = PBXGroup;
			children = (
				9F2FA1E22AF25B2000A8621D /* IconTextView.swift */,
			);
			path = Icons;
			sourceTree = "<group>";
		};
		9FA8594F2AEE72B8006F30EE = {
			isa = PBXGroup;
			children = (
				9FA8595A2AEE72B8006F30EE /* Crypto */,
				9FA859702AEE72B9006F30EE /* CryptoTests */,
				9FA8597A2AEE72B9006F30EE /* CryptoUITests */,
				9FA859592AEE72B8006F30EE /* Products */,
			);
			sourceTree = "<group>";
		};
		9FA859592AEE72B8006F30EE /* Products */ = {
			isa = PBXGroup;
			children = (
				9FA859582AEE72B8006F30EE /* Crypto.app */,
				9FA8596D2AEE72B9006F30EE /* CryptoTests.xctest */,
				9FA859772AEE72B9006F30EE /* CryptoUITests.xctest */,
			);
			name = Products;
			sourceTree = "<group>";
		};
		9FA8595A2AEE72B8006F30EE /* Crypto */ = {
			isa = PBXGroup;
			children = (
				9FA8598D2AEE7CB2006F30EE /* Screens */,
				9F2FA1C72AEFC44200A8621D /* Placeholders */,
				9FA859AA2AEE84CB006F30EE /* Info.plist */,
				9FA859992AEE824F006F30EE /* Fonts */,
				9FA8598F2AEE7CCA006F30EE /* Views */,
				9FA8598E2AEE7CC1006F30EE /* Utils */,
				9FA8598C2AEE7CAB006F30EE /* Models */,
				9FA8598B2AEE7CA3006F30EE /* Managers */,
				9FA8598A2AEE7C94006F30EE /* Extensions */,
				9FA8595B2AEE72B8006F30EE /* CryptoApp.swift */,
				9FA8595F2AEE72B9006F30EE /* Assets.xcassets */,
				9FA859642AEE72B9006F30EE /* Persistence.swift */,
				9FA859612AEE72B9006F30EE /* Preview Content */,
				9F94A89C2AEEDFE000169871 /* Crypto.xcdatamodeld */,
			);
			path = Crypto;
			sourceTree = "<group>";
		};
		9FA859612AEE72B9006F30EE /* Preview Content */ = {
			isa = PBXGroup;
			children = (
				9FA859622AEE72B9006F30EE /* Preview Assets.xcassets */,
			);
			path = "Preview Content";
			sourceTree = "<group>";
		};
		9FA859702AEE72B9006F30EE /* CryptoTests */ = {
			isa = PBXGroup;
			children = (
				9FA859712AEE72B9006F30EE /* CryptoTests.swift */,
			);
			path = CryptoTests;
			sourceTree = "<group>";
		};
		9FA8597A2AEE72B9006F30EE /* CryptoUITests */ = {
			isa = PBXGroup;
			children = (
				9FA8597B2AEE72B9006F30EE /* CryptoUITests.swift */,
				9FA8597D2AEE72B9006F30EE /* CryptoUITestsLaunchTests.swift */,
			);
			path = CryptoUITests;
			sourceTree = "<group>";
		};
		9FA8598A2AEE7C94006F30EE /* Extensions */ = {
			isa = PBXGroup;
			children = (
				9FA859972AEE7F3C006F30EE /* Colors.swift */,
				9FA859AB2AEE85C0006F30EE /* Fonts.swift */,
				9F94A8902AEEB76900169871 /* Formatters.swift */,
				9F94A8922AEECBDD00169871 /* UIKit.swift */,
				9F94A8942AEECC0000169871 /* View.swift */,
				9F2FA1CA2AEFC4B900A8621D /* Bundle.swift */,
				9F2FA1D32AEFEE4B00A8621D /* NumberExtensions.swift */,
			);
			path = Extensions;
			sourceTree = "<group>";
		};
		9FA8598B2AEE7CA3006F30EE /* Managers */ = {
			isa = PBXGroup;
			children = (
				9FA859BC2AEE9497006F30EE /* BaseNetworkManager.swift */,
				9FA859BE2AEE94A5006F30EE /* NetworkManager.swift */,
			);
			path = Managers;
			sourceTree = "<group>";
		};
		9FA8598C2AEE7CAB006F30EE /* Models */ = {
			isa = PBXGroup;
			children = (
				9FA859C72AEE963E006F30EE /* Pagination.swift */,
				9FA859C92AEE96E8006F30EE /* CryptoError.swift */,
				9FA859CB2AEE9FA7006F30EE /* Cryptocurrency.swift */,
				9F2FA1D82AF1170C00A8621D /* Account.swift */,
			);
			path = Models;
			sourceTree = "<group>";
		};
		9FA8598D2AEE7CB2006F30EE /* Screens */ = {
			isa = PBXGroup;
			children = (
				9F2FA1D52AF0449900A8621D /* Accounts */,
				9F2FA1C42AEFC3E800A8621D /* CryptoDetail */,
				9FA859B62AEE93B5006F30EE /* Track */,
				9FA859902AEE7CE1006F30EE /* Home */,
			);
			path = Screens;
			sourceTree = "<group>";
		};
		9FA8598E2AEE7CC1006F30EE /* Utils */ = {
			isa = PBXGroup;
			children = (
				9FA859C52AEE958E006F30EE /* Constants.swift */,
				9F94A88E2AEEAF9600169871 /* Alert.swift */,
			);
			path = Utils;
			sourceTree = "<group>";
		};
		9FA8598F2AEE7CCA006F30EE /* Views */ = {
			isa = PBXGroup;
			children = (
				9F2FA1E12AF25B0E00A8621D /* Icons */,
				9F2FA1DE2AF186D500A8621D /* Sheets */,
				9F2FA1D02AEFCDEA00A8621D /* Images */,
				9F2FA1C12AEFBF1100A8621D /* Charts */,
				9FE6BB4B2AEEF0F4007905FB /* Rows */,
				9FA859AD2AEE875D006F30EE /* CustomTabBar */,
			);
			path = Views;
			sourceTree = "<group>";
		};
		9FA859902AEE7CE1006F30EE /* Home */ = {
			isa = PBXGroup;
			children = (
				9FA859932AEE7D02006F30EE /* HomeView.swift */,
			);
			path = Home;
			sourceTree = "<group>";
		};
		9FA859992AEE824F006F30EE /* Fonts */ = {
			isa = PBXGroup;
			children = (
				9FA859A32AEE8471006F30EE /* Acumin-BdItPro.ttf */,
				9FA859A52AEE8471006F30EE /* Acumin-BdPro.ttf */,
				9FA859A22AEE8471006F30EE /* Acumin-ItPro.ttf */,
				9FA859A42AEE8471006F30EE /* Acumin-RPro.ttf */,
			);
			path = Fonts;
			sourceTree = "<group>";
		};
		9FA859AD2AEE875D006F30EE /* CustomTabBar */ = {
			isa = PBXGroup;
			children = (
				9FA859AE2AEE877A006F30EE /* CustomTabBarContainerView.swift */,
				9FA859B02AEE8798006F30EE /* CustomTabBarView.swift */,
				9FA859B22AEE87B9006F30EE /* TabBarItem.swift */,
				9FA859B42AEE87DF006F30EE /* TabBarItemsPreferenceKey.swift */,
			);
			path = CustomTabBar;
			sourceTree = "<group>";
		};
		9FA859B62AEE93B5006F30EE /* Track */ = {
			isa = PBXGroup;
			children = (
				9FA859B82AEE93C8006F30EE /* TrackViewModel.swift */,
				9FA859BA2AEE9460006F30EE /* TrackView.swift */,
			);
			path = Track;
			sourceTree = "<group>";
		};
		9FE6BB4B2AEEF0F4007905FB /* Rows */ = {
			isa = PBXGroup;
			children = (
				9FE6BB4C2AEEF105007905FB /* CryptoRow.swift */,
				9F2FA1E42AF2629800A8621D /* MarketDataRow.swift */,
			);
			path = Rows;
			sourceTree = "<group>";
		};
/* End PBXGroup section */

/* Begin PBXNativeTarget section */
		9FA859572AEE72B8006F30EE /* Crypto */ = {
			isa = PBXNativeTarget;
			buildConfigurationList = 9FA859812AEE72B9006F30EE /* Build configuration list for PBXNativeTarget "Crypto" */;
			buildPhases = (
				9FA859542AEE72B8006F30EE /* Sources */,
				9FA859552AEE72B8006F30EE /* Frameworks */,
				9FA859562AEE72B8006F30EE /* Resources */,
			);
			buildRules = (
			);
			dependencies = (
			);
			name = Crypto;
			productName = Crypto;
			productReference = 9FA859582AEE72B8006F30EE /* Crypto.app */;
			productType = "com.apple.product-type.application";
		};
		9FA8596C2AEE72B9006F30EE /* CryptoTests */ = {
			isa = PBXNativeTarget;
			buildConfigurationList = 9FA859842AEE72B9006F30EE /* Build configuration list for PBXNativeTarget "CryptoTests" */;
			buildPhases = (
				9FA859692AEE72B9006F30EE /* Sources */,
				9FA8596A2AEE72B9006F30EE /* Frameworks */,
				9FA8596B2AEE72B9006F30EE /* Resources */,
			);
			buildRules = (
			);
			dependencies = (
				9FA8596F2AEE72B9006F30EE /* PBXTargetDependency */,
			);
			name = CryptoTests;
			productName = CryptoTests;
			productReference = 9FA8596D2AEE72B9006F30EE /* CryptoTests.xctest */;
			productType = "com.apple.product-type.bundle.unit-test";
		};
		9FA859762AEE72B9006F30EE /* CryptoUITests */ = {
			isa = PBXNativeTarget;
			buildConfigurationList = 9FA859872AEE72B9006F30EE /* Build configuration list for PBXNativeTarget "CryptoUITests" */;
			buildPhases = (
				9FA859732AEE72B9006F30EE /* Sources */,
				9FA859742AEE72B9006F30EE /* Frameworks */,
				9FA859752AEE72B9006F30EE /* Resources */,
			);
			buildRules = (
			);
			dependencies = (
				9FA859792AEE72B9006F30EE /* PBXTargetDependency */,
			);
			name = CryptoUITests;
			productName = CryptoUITests;
			productReference = 9FA859772AEE72B9006F30EE /* CryptoUITests.xctest */;
			productType = "com.apple.product-type.bundle.ui-testing";
		};
/* End PBXNativeTarget section */

/* Begin PBXProject section */
		9FA859502AEE72B8006F30EE /* Project object */ = {
			isa = PBXProject;
			attributes = {
				BuildIndependentTargetsInParallel = 1;
				LastSwiftUpdateCheck = 1430;
				LastUpgradeCheck = 1430;
				TargetAttributes = {
					9FA859572AEE72B8006F30EE = {
						CreatedOnToolsVersion = 14.3.1;
					};
					9FA8596C2AEE72B9006F30EE = {
						CreatedOnToolsVersion = 14.3.1;
						TestTargetID = 9FA859572AEE72B8006F30EE;
					};
					9FA859762AEE72B9006F30EE = {
						CreatedOnToolsVersion = 14.3.1;
						TestTargetID = 9FA859572AEE72B8006F30EE;
					};
				};
			};
			buildConfigurationList = 9FA859532AEE72B8006F30EE /* Build configuration list for PBXProject "Crypto" */;
			compatibilityVersion = "Xcode 14.0";
			developmentRegion = en;
			hasScannedForEncodings = 0;
			knownRegions = (
				en,
				Base,
			);
			mainGroup = 9FA8594F2AEE72B8006F30EE;
			productRefGroup = 9FA859592AEE72B8006F30EE /* Products */;
			projectDirPath = "";
			projectRoot = "";
			targets = (
				9FA859572AEE72B8006F30EE /* Crypto */,
				9FA8596C2AEE72B9006F30EE /* CryptoTests */,
				9FA859762AEE72B9006F30EE /* CryptoUITests */,
			);
		};
/* End PBXProject section */

/* Begin PBXResourcesBuildPhase section */
		9FA859562AEE72B8006F30EE /* Resources */ = {
			isa = PBXResourcesBuildPhase;
			buildActionMask = 2147483647;
			files = (
				9F2FA1CF2AEFCA8A00A8621D /* markets.json in Resources */,
				9FA859A72AEE8471006F30EE /* Acumin-BdItPro.ttf in Resources */,
				9FA859A92AEE8471006F30EE /* Acumin-BdPro.ttf in Resources */,
				9FA859A62AEE8471006F30EE /* Acumin-ItPro.ttf in Resources */,
				9FA859632AEE72B9006F30EE /* Preview Assets.xcassets in Resources */,
				9FA859A82AEE8471006F30EE /* Acumin-RPro.ttf in Resources */,
				9FA859602AEE72B9006F30EE /* Assets.xcassets in Resources */,
			);
			runOnlyForDeploymentPostprocessing = 0;
		};
		9FA8596B2AEE72B9006F30EE /* Resources */ = {
			isa = PBXResourcesBuildPhase;
			buildActionMask = 2147483647;
			files = (
			);
			runOnlyForDeploymentPostprocessing = 0;
		};
		9FA859752AEE72B9006F30EE /* Resources */ = {
			isa = PBXResourcesBuildPhase;
			buildActionMask = 2147483647;
			files = (
			);
			runOnlyForDeploymentPostprocessing = 0;
		};
/* End PBXResourcesBuildPhase section */

/* Begin PBXSourcesBuildPhase section */
		9FA859542AEE72B8006F30EE /* Sources */ = {
			isa = PBXSourcesBuildPhase;
			buildActionMask = 2147483647;
			files = (
				9FA859AC2AEE85C0006F30EE /* Fonts.swift in Sources */,
				9FA859C62AEE958E006F30EE /* Constants.swift in Sources */,
				9FA859B12AEE8798006F30EE /* CustomTabBarView.swift in Sources */,
				9FA859BB2AEE9460006F30EE /* TrackView.swift in Sources */,
				9FA859B92AEE93C8006F30EE /* TrackViewModel.swift in Sources */,
				9F2FA1D92AF1170C00A8621D /* Account.swift in Sources */,
				9F2FA1E52AF2629800A8621D /* MarketDataRow.swift in Sources */,
				9FA859BF2AEE94A5006F30EE /* NetworkManager.swift in Sources */,
				9FA859CC2AEE9FA7006F30EE /* Cryptocurrency.swift in Sources */,
				9F2FA1D22AEFCDFB00A8621D /* CryptoImageView.swift in Sources */,
				9FA859B52AEE87DF006F30EE /* TabBarItemsPreferenceKey.swift in Sources */,
				9F2FA1E02AF186EF00A8621D /* AddHoldingsSheetView.swift in Sources */,
				9F94A8952AEECC0000169871 /* View.swift in Sources */,
				9F2FA1D42AEFEE4B00A8621D /* NumberExtensions.swift in Sources */,
				9FA859B32AEE87B9006F30EE /* TabBarItem.swift in Sources */,
				9FA859652AEE72B9006F30EE /* Persistence.swift in Sources */,
				9FA859AF2AEE877A006F30EE /* CustomTabBarContainerView.swift in Sources */,
				9F2FA1D72AF044B500A8621D /* AccountsView.swift in Sources */,
				9FA859982AEE7F3C006F30EE /* Colors.swift in Sources */,
				9FA859942AEE7D02006F30EE /* HomeView.swift in Sources */,
				9FA859CA2AEE96E8006F30EE /* CryptoError.swift in Sources */,
				9F94A8932AEECBDD00169871 /* UIKit.swift in Sources */,
				9F2FA1E32AF25B2000A8621D /* IconTextView.swift in Sources */,
				9F2FA1C32AEFBF2300A8621D /* SparklineCharts.swift in Sources */,
				9F94A8912AEEB76900169871 /* Formatters.swift in Sources */,
				9F2FA1CB2AEFC4B900A8621D /* Bundle.swift in Sources */,
				9F2FA1DD2AF139A300A8621D /* CryptoDetailViewModel.swift in Sources */,
				9FA859C82AEE963E006F30EE /* Pagination.swift in Sources */,
				9F2FA1C62AEFC3F900A8621D /* CryptoDetailView.swift in Sources */,
				9FE6BB4D2AEEF105007905FB /* CryptoRow.swift in Sources */,
				9FA859BD2AEE9497006F30EE /* BaseNetworkManager.swift in Sources */,
				9F94A88F2AEEAF9600169871 /* Alert.swift in Sources */,
				9F94A89E2AEEDFE000169871 /* Crypto.xcdatamodeld in Sources */,
				9FA8595C2AEE72B8006F30EE /* CryptoApp.swift in Sources */,
			);
			runOnlyForDeploymentPostprocessing = 0;
		};
		9FA859692AEE72B9006F30EE /* Sources */ = {
			isa = PBXSourcesBuildPhase;
			buildActionMask = 2147483647;
			files = (
				9FA859722AEE72B9006F30EE /* CryptoTests.swift in Sources */,
			);
			runOnlyForDeploymentPostprocessing = 0;
		};
		9FA859732AEE72B9006F30EE /* Sources */ = {
			isa = PBXSourcesBuildPhase;
			buildActionMask = 2147483647;
			files = (
				9FA8597C2AEE72B9006F30EE /* CryptoUITests.swift in Sources */,
				9FA8597E2AEE72B9006F30EE /* CryptoUITestsLaunchTests.swift in Sources */,
			);
			runOnlyForDeploymentPostprocessing = 0;
		};
/* End PBXSourcesBuildPhase section */

/* Begin PBXTargetDependency section */
		9FA8596F2AEE72B9006F30EE /* PBXTargetDependency */ = {
			isa = PBXTargetDependency;
			target = 9FA859572AEE72B8006F30EE /* Crypto */;
			targetProxy = 9FA8596E2AEE72B9006F30EE /* PBXContainerItemProxy */;
		};
		9FA859792AEE72B9006F30EE /* PBXTargetDependency */ = {
			isa = PBXTargetDependency;
			target = 9FA859572AEE72B8006F30EE /* Crypto */;
			targetProxy = 9FA859782AEE72B9006F30EE /* PBXContainerItemProxy */;
		};
/* End PBXTargetDependency section */

/* Begin XCBuildConfiguration section */
		9FA8597F2AEE72B9006F30EE /* Debug */ = {
			isa = XCBuildConfiguration;
			buildSettings = {
				ALWAYS_SEARCH_USER_PATHS = NO;
				CLANG_ANALYZER_NONNULL = YES;
				CLANG_ANALYZER_NUMBER_OBJECT_CONVERSION = YES_AGGRESSIVE;
				CLANG_CXX_LANGUAGE_STANDARD = "gnu++20";
				CLANG_ENABLE_MODULES = YES;
				CLANG_ENABLE_OBJC_ARC = YES;
				CLANG_ENABLE_OBJC_WEAK = YES;
				CLANG_WARN_BLOCK_CAPTURE_AUTORELEASING = YES;
				CLANG_WARN_BOOL_CONVERSION = YES;
				CLANG_WARN_COMMA = YES;
				CLANG_WARN_CONSTANT_CONVERSION = YES;
				CLANG_WARN_DEPRECATED_OBJC_IMPLEMENTATIONS = YES;
				CLANG_WARN_DIRECT_OBJC_ISA_USAGE = YES_ERROR;
				CLANG_WARN_DOCUMENTATION_COMMENTS = YES;
				CLANG_WARN_EMPTY_BODY = YES;
				CLANG_WARN_ENUM_CONVERSION = YES;
				CLANG_WARN_INFINITE_RECURSION = YES;
				CLANG_WARN_INT_CONVERSION = YES;
				CLANG_WARN_NON_LITERAL_NULL_CONVERSION = YES;
				CLANG_WARN_OBJC_IMPLICIT_RETAIN_SELF = YES;
				CLANG_WARN_OBJC_LITERAL_CONVERSION = YES;
				CLANG_WARN_OBJC_ROOT_CLASS = YES_ERROR;
				CLANG_WARN_QUOTED_INCLUDE_IN_FRAMEWORK_HEADER = YES;
				CLANG_WARN_RANGE_LOOP_ANALYSIS = YES;
				CLANG_WARN_STRICT_PROTOTYPES = YES;
				CLANG_WARN_SUSPICIOUS_MOVE = YES;
				CLANG_WARN_UNGUARDED_AVAILABILITY = YES_AGGRESSIVE;
				CLANG_WARN_UNREACHABLE_CODE = YES;
				CLANG_WARN__DUPLICATE_METHOD_MATCH = YES;
				COPY_PHASE_STRIP = NO;
				DEBUG_INFORMATION_FORMAT = dwarf;
				ENABLE_STRICT_OBJC_MSGSEND = YES;
				ENABLE_TESTABILITY = YES;
				GCC_C_LANGUAGE_STANDARD = gnu11;
				GCC_DYNAMIC_NO_PIC = NO;
				GCC_NO_COMMON_BLOCKS = YES;
				GCC_OPTIMIZATION_LEVEL = 0;
				GCC_PREPROCESSOR_DEFINITIONS = (
					"DEBUG=1",
					"$(inherited)",
				);
				GCC_WARN_64_TO_32_BIT_CONVERSION = YES;
				GCC_WARN_ABOUT_RETURN_TYPE = YES_ERROR;
				GCC_WARN_UNDECLARED_SELECTOR = YES;
				GCC_WARN_UNINITIALIZED_AUTOS = YES_AGGRESSIVE;
				GCC_WARN_UNUSED_FUNCTION = YES;
				GCC_WARN_UNUSED_VARIABLE = YES;
				IPHONEOS_DEPLOYMENT_TARGET = 16.4;
				MTL_ENABLE_DEBUG_INFO = INCLUDE_SOURCE;
				MTL_FAST_MATH = YES;
				ONLY_ACTIVE_ARCH = YES;
				SDKROOT = iphoneos;
				SWIFT_ACTIVE_COMPILATION_CONDITIONS = DEBUG;
				SWIFT_OPTIMIZATION_LEVEL = "-Onone";
			};
			name = Debug;
		};
		9FA859802AEE72B9006F30EE /* Release */ = {
			isa = XCBuildConfiguration;
			buildSettings = {
				ALWAYS_SEARCH_USER_PATHS = NO;
				CLANG_ANALYZER_NONNULL = YES;
				CLANG_ANALYZER_NUMBER_OBJECT_CONVERSION = YES_AGGRESSIVE;
				CLANG_CXX_LANGUAGE_STANDARD = "gnu++20";
				CLANG_ENABLE_MODULES = YES;
				CLANG_ENABLE_OBJC_ARC = YES;
				CLANG_ENABLE_OBJC_WEAK = YES;
				CLANG_WARN_BLOCK_CAPTURE_AUTORELEASING = YES;
				CLANG_WARN_BOOL_CONVERSION = YES;
				CLANG_WARN_COMMA = YES;
				CLANG_WARN_CONSTANT_CONVERSION = YES;
				CLANG_WARN_DEPRECATED_OBJC_IMPLEMENTATIONS = YES;
				CLANG_WARN_DIRECT_OBJC_ISA_USAGE = YES_ERROR;
				CLANG_WARN_DOCUMENTATION_COMMENTS = YES;
				CLANG_WARN_EMPTY_BODY = YES;
				CLANG_WARN_ENUM_CONVERSION = YES;
				CLANG_WARN_INFINITE_RECURSION = YES;
				CLANG_WARN_INT_CONVERSION = YES;
				CLANG_WARN_NON_LITERAL_NULL_CONVERSION = YES;
				CLANG_WARN_OBJC_IMPLICIT_RETAIN_SELF = YES;
				CLANG_WARN_OBJC_LITERAL_CONVERSION = YES;
				CLANG_WARN_OBJC_ROOT_CLASS = YES_ERROR;
				CLANG_WARN_QUOTED_INCLUDE_IN_FRAMEWORK_HEADER = YES;
				CLANG_WARN_RANGE_LOOP_ANALYSIS = YES;
				CLANG_WARN_STRICT_PROTOTYPES = YES;
				CLANG_WARN_SUSPICIOUS_MOVE = YES;
				CLANG_WARN_UNGUARDED_AVAILABILITY = YES_AGGRESSIVE;
				CLANG_WARN_UNREACHABLE_CODE = YES;
				CLANG_WARN__DUPLICATE_METHOD_MATCH = YES;
				COPY_PHASE_STRIP = NO;
				DEBUG_INFORMATION_FORMAT = "dwarf-with-dsym";
				ENABLE_NS_ASSERTIONS = NO;
				ENABLE_STRICT_OBJC_MSGSEND = YES;
				GCC_C_LANGUAGE_STANDARD = gnu11;
				GCC_NO_COMMON_BLOCKS = YES;
				GCC_WARN_64_TO_32_BIT_CONVERSION = YES;
				GCC_WARN_ABOUT_RETURN_TYPE = YES_ERROR;
				GCC_WARN_UNDECLARED_SELECTOR = YES;
				GCC_WARN_UNINITIALIZED_AUTOS = YES_AGGRESSIVE;
				GCC_WARN_UNUSED_FUNCTION = YES;
				GCC_WARN_UNUSED_VARIABLE = YES;
				IPHONEOS_DEPLOYMENT_TARGET = 16.4;
				MTL_ENABLE_DEBUG_INFO = NO;
				MTL_FAST_MATH = YES;
				SDKROOT = iphoneos;
				SWIFT_COMPILATION_MODE = wholemodule;
				SWIFT_OPTIMIZATION_LEVEL = "-O";
				VALIDATE_PRODUCT = YES;
			};
			name = Release;
		};
		9FA859822AEE72B9006F30EE /* Debug */ = {
			isa = XCBuildConfiguration;
			buildSettings = {
				ASSETCATALOG_COMPILER_APPICON_NAME = AppIcon;
				ASSETCATALOG_COMPILER_GLOBAL_ACCENT_COLOR_NAME = AccentColor;
				CODE_SIGN_STYLE = Automatic;
				CURRENT_PROJECT_VERSION = 1;
				DEVELOPMENT_ASSET_PATHS = "\"Crypto/Preview Content\"";
				DEVELOPMENT_TEAM = 828V74ATZS;
				ENABLE_PREVIEWS = YES;
				GENERATE_INFOPLIST_FILE = YES;
				INFOPLIST_FILE = Crypto/Info.plist;
				INFOPLIST_KEY_UIApplicationSceneManifest_Generation = YES;
				INFOPLIST_KEY_UIApplicationSupportsIndirectInputEvents = YES;
				INFOPLIST_KEY_UILaunchScreen_Generation = YES;
				INFOPLIST_KEY_UISupportedInterfaceOrientations_iPad = "UIInterfaceOrientationPortrait UIInterfaceOrientationPortraitUpsideDown UIInterfaceOrientationLandscapeLeft UIInterfaceOrientationLandscapeRight";
				INFOPLIST_KEY_UISupportedInterfaceOrientations_iPhone = "UIInterfaceOrientationPortrait UIInterfaceOrientationLandscapeLeft UIInterfaceOrientationLandscapeRight";
				IPHONEOS_DEPLOYMENT_TARGET = 16.0;
				LD_RUNPATH_SEARCH_PATHS = (
					"$(inherited)",
					"@executable_path/Frameworks",
				);
				MARKETING_VERSION = 1.0;
				PRODUCT_BUNDLE_IDENTIFIER = com.luca.Crypto;
				PRODUCT_NAME = "$(TARGET_NAME)";
				SWIFT_EMIT_LOC_STRINGS = YES;
				SWIFT_VERSION = 5.0;
				TARGETED_DEVICE_FAMILY = "1,2";
			};
			name = Debug;
		};
		9FA859832AEE72B9006F30EE /* Release */ = {
			isa = XCBuildConfiguration;
			buildSettings = {
				ASSETCATALOG_COMPILER_APPICON_NAME = AppIcon;
				ASSETCATALOG_COMPILER_GLOBAL_ACCENT_COLOR_NAME = AccentColor;
				CODE_SIGN_STYLE = Automatic;
				CURRENT_PROJECT_VERSION = 1;
				DEVELOPMENT_ASSET_PATHS = "\"Crypto/Preview Content\"";
				DEVELOPMENT_TEAM = 828V74ATZS;
				ENABLE_PREVIEWS = YES;
				GENERATE_INFOPLIST_FILE = YES;
				INFOPLIST_FILE = Crypto/Info.plist;
				INFOPLIST_KEY_UIApplicationSceneManifest_Generation = YES;
				INFOPLIST_KEY_UIApplicationSupportsIndirectInputEvents = YES;
				INFOPLIST_KEY_UILaunchScreen_Generation = YES;
				INFOPLIST_KEY_UISupportedInterfaceOrientations_iPad = "UIInterfaceOrientationPortrait UIInterfaceOrientationPortraitUpsideDown UIInterfaceOrientationLandscapeLeft UIInterfaceOrientationLandscapeRight";
				INFOPLIST_KEY_UISupportedInterfaceOrientations_iPhone = "UIInterfaceOrientationPortrait UIInterfaceOrientationLandscapeLeft UIInterfaceOrientationLandscapeRight";
				IPHONEOS_DEPLOYMENT_TARGET = 16.0;
				LD_RUNPATH_SEARCH_PATHS = (
					"$(inherited)",
					"@executable_path/Frameworks",
				);
				MARKETING_VERSION = 1.0;
				PRODUCT_BUNDLE_IDENTIFIER = com.luca.Crypto;
				PRODUCT_NAME = "$(TARGET_NAME)";
				SWIFT_EMIT_LOC_STRINGS = YES;
				SWIFT_VERSION = 5.0;
				TARGETED_DEVICE_FAMILY = "1,2";
			};
			name = Release;
		};
		9FA859852AEE72B9006F30EE /* Debug */ = {
			isa = XCBuildConfiguration;
			buildSettings = {
				ALWAYS_EMBED_SWIFT_STANDARD_LIBRARIES = YES;
				BUNDLE_LOADER = "$(TEST_HOST)";
				CODE_SIGN_STYLE = Automatic;
				CURRENT_PROJECT_VERSION = 1;
				DEVELOPMENT_TEAM = 828V74ATZS;
				GENERATE_INFOPLIST_FILE = YES;
				IPHONEOS_DEPLOYMENT_TARGET = 16.4;
				MARKETING_VERSION = 1.0;
				PRODUCT_BUNDLE_IDENTIFIER = com.luca.CryptoTests;
				PRODUCT_NAME = "$(TARGET_NAME)";
				SWIFT_EMIT_LOC_STRINGS = NO;
				SWIFT_VERSION = 5.0;
				TARGETED_DEVICE_FAMILY = "1,2";
				TEST_HOST = "$(BUILT_PRODUCTS_DIR)/Crypto.app/$(BUNDLE_EXECUTABLE_FOLDER_PATH)/Crypto";
			};
			name = Debug;
		};
		9FA859862AEE72B9006F30EE /* Release */ = {
			isa = XCBuildConfiguration;
			buildSettings = {
				ALWAYS_EMBED_SWIFT_STANDARD_LIBRARIES = YES;
				BUNDLE_LOADER = "$(TEST_HOST)";
				CODE_SIGN_STYLE = Automatic;
				CURRENT_PROJECT_VERSION = 1;
				DEVELOPMENT_TEAM = 828V74ATZS;
				GENERATE_INFOPLIST_FILE = YES;
				IPHONEOS_DEPLOYMENT_TARGET = 16.4;
				MARKETING_VERSION = 1.0;
				PRODUCT_BUNDLE_IDENTIFIER = com.luca.CryptoTests;
				PRODUCT_NAME = "$(TARGET_NAME)";
				SWIFT_EMIT_LOC_STRINGS = NO;
				SWIFT_VERSION = 5.0;
				TARGETED_DEVICE_FAMILY = "1,2";
				TEST_HOST = "$(BUILT_PRODUCTS_DIR)/Crypto.app/$(BUNDLE_EXECUTABLE_FOLDER_PATH)/Crypto";
			};
			name = Release;
		};
		9FA859882AEE72B9006F30EE /* Debug */ = {
			isa = XCBuildConfiguration;
			buildSettings = {
				ALWAYS_EMBED_SWIFT_STANDARD_LIBRARIES = YES;
				CODE_SIGN_STYLE = Automatic;
				CURRENT_PROJECT_VERSION = 1;
				DEVELOPMENT_TEAM = 828V74ATZS;
				GENERATE_INFOPLIST_FILE = YES;
				MARKETING_VERSION = 1.0;
				PRODUCT_BUNDLE_IDENTIFIER = com.luca.CryptoUITests;
				PRODUCT_NAME = "$(TARGET_NAME)";
				SWIFT_EMIT_LOC_STRINGS = NO;
				SWIFT_VERSION = 5.0;
				TARGETED_DEVICE_FAMILY = "1,2";
				TEST_TARGET_NAME = Crypto;
			};
			name = Debug;
		};
		9FA859892AEE72B9006F30EE /* Release */ = {
			isa = XCBuildConfiguration;
			buildSettings = {
				ALWAYS_EMBED_SWIFT_STANDARD_LIBRARIES = YES;
				CODE_SIGN_STYLE = Automatic;
				CURRENT_PROJECT_VERSION = 1;
				DEVELOPMENT_TEAM = 828V74ATZS;
				GENERATE_INFOPLIST_FILE = YES;
				MARKETING_VERSION = 1.0;
				PRODUCT_BUNDLE_IDENTIFIER = com.luca.CryptoUITests;
				PRODUCT_NAME = "$(TARGET_NAME)";
				SWIFT_EMIT_LOC_STRINGS = NO;
				SWIFT_VERSION = 5.0;
				TARGETED_DEVICE_FAMILY = "1,2";
				TEST_TARGET_NAME = Crypto;
			};
			name = Release;
		};
/* End XCBuildConfiguration section */

/* Begin XCConfigurationList section */
		9FA859532AEE72B8006F30EE /* Build configuration list for PBXProject "Crypto" */ = {
			isa = XCConfigurationList;
			buildConfigurations = (
				9FA8597F2AEE72B9006F30EE /* Debug */,
				9FA859802AEE72B9006F30EE /* Release */,
			);
			defaultConfigurationIsVisible = 0;
			defaultConfigurationName = Release;
		};
		9FA859812AEE72B9006F30EE /* Build configuration list for PBXNativeTarget "Crypto" */ = {
			isa = XCConfigurationList;
			buildConfigurations = (
				9FA859822AEE72B9006F30EE /* Debug */,
				9FA859832AEE72B9006F30EE /* Release */,
			);
			defaultConfigurationIsVisible = 0;
			defaultConfigurationName = Release;
		};
		9FA859842AEE72B9006F30EE /* Build configuration list for PBXNativeTarget "CryptoTests" */ = {
			isa = XCConfigurationList;
			buildConfigurations = (
				9FA859852AEE72B9006F30EE /* Debug */,
				9FA859862AEE72B9006F30EE /* Release */,
			);
			defaultConfigurationIsVisible = 0;
			defaultConfigurationName = Release;
		};
		9FA859872AEE72B9006F30EE /* Build configuration list for PBXNativeTarget "CryptoUITests" */ = {
			isa = XCConfigurationList;
			buildConfigurations = (
				9FA859882AEE72B9006F30EE /* Debug */,
				9FA859892AEE72B9006F30EE /* Release */,
			);
			defaultConfigurationIsVisible = 0;
			defaultConfigurationName = Release;
		};
/* End XCConfigurationList section */

/* Begin XCVersionGroup section */
		9F94A89C2AEEDFE000169871 /* Crypto.xcdatamodeld */ = {
			isa = XCVersionGroup;
			children = (
				9F94A89D2AEEDFE000169871 /* Crypto.xcdatamodel */,
			);
			currentVersion = 9F94A89D2AEEDFE000169871 /* Crypto.xcdatamodel */;
			path = Crypto.xcdatamodeld;
			sourceTree = "<group>";
			versionGroupType = wrapper.xcdatamodel;
		};
/* End XCVersionGroup section */
	};
	rootObject = 9FA859502AEE72B8006F30EE /* Project object */;
}
