// !$*UTF8*$!
{
	archiveVersion = 1;
	classes = {
	};
	objectVersion = 56;
	objects = {

/* Begin PBXBuildFile section */
		9FA8595C2AEE72B8006F30EE /* CryptoApp.swift in Sources */ = {isa = PBXBuildFile; fileRef = 9FA8595B2AEE72B8006F30EE /* CryptoApp.swift */; };
		9FA8595E2AEE72B8006F30EE /* ContentView.swift in Sources */ = {isa = PBXBuildFile; fileRef = 9FA8595D2AEE72B8006F30EE /* ContentView.swift */; };
		9FA859602AEE72B9006F30EE /* Assets.xcassets in Resources */ = {isa = PBXBuildFile; fileRef = 9FA8595F2AEE72B9006F30EE /* Assets.xcassets */; };
		9FA859632AEE72B9006F30EE /* Preview Assets.xcassets in Resources */ = {isa = PBXBuildFile; fileRef = 9FA859622AEE72B9006F30EE /* Preview Assets.xcassets */; };
		9FA859652AEE72B9006F30EE /* Persistence.swift in Sources */ = {isa = PBXBuildFile; fileRef = 9FA859642AEE72B9006F30EE /* Persistence.swift */; };
		9FA859682AEE72B9006F30EE /* Crypto.xcdatamodeld in Sources */ = {isa = PBXBuildFile; fileRef = 9FA859662AEE72B9006F30EE /* Crypto.xcdatamodeld */; };
		9FA859722AEE72B9006F30EE /* CryptoTests.swift in Sources */ = {isa = PBXBuildFile; fileRef = 9FA859712AEE72B9006F30EE /* CryptoTests.swift */; };
		9FA8597C2AEE72B9006F30EE /* CryptoUITests.swift in Sources */ = {isa = PBXBuildFile; fileRef = 9FA8597B2AEE72B9006F30EE /* CryptoUITests.swift */; };
		9FA8597E2AEE72B9006F30EE /* CryptoUITestsLaunchTests.swift in Sources */ = {isa = PBXBuildFile; fileRef = 9FA8597D2AEE72B9006F30EE /* CryptoUITestsLaunchTests.swift */; };
		9FA859942AEE7D02006F30EE /* HomeView.swift in Sources */ = {isa = PBXBuildFile; fileRef = 9FA859932AEE7D02006F30EE /* HomeView.swift */; };
		9FA859962AEE7D44006F30EE /* HomeViewModel.swift in Sources */ = {isa = PBXBuildFile; fileRef = 9FA859952AEE7D44006F30EE /* HomeViewModel.swift */; };
/* End PBXBuildFile section */

/* Begin PBXContainerItemProxy section */
		9FA8596E2AEE72B9006F30EE /* PBXContainerItemProxy */ = {
			isa = PBXContainerItemProxy;
			containerPortal = 9FA859502AEE72B8006F30EE /* Project object */;
			proxyType = 1;
			remoteGlobalIDString = 9FA859572AEE72B8006F30EE;
			remoteInfo = Crypto;
		};
		9FA859782AEE72B9006F30EE /* PBXContainerItemProxy */ = {
			isa = PBXContainerItemProxy;
			containerPortal = 9FA859502AEE72B8006F30EE /* Project object */;
			proxyType = 1;
			remoteGlobalIDString = 9FA859572AEE72B8006F30EE;
			remoteInfo = Crypto;
		};
/* End PBXContainerItemProxy section */

/* Begin PBXFileReference section */
		9FA859582AEE72B8006F30EE /* Crypto.app */ = {isa = PBXFileReference; explicitFileType = wrapper.application; includeInIndex = 0; path = Crypto.app; sourceTree = BUILT_PRODUCTS_DIR; };
		9FA8595B2AEE72B8006F30EE /* CryptoApp.swift */ = {isa = PBXFileReference; lastKnownFileType = sourcecode.swift; path = CryptoApp.swift; sourceTree = "<group>"; };
		9FA8595D2AEE72B8006F30EE /* ContentView.swift */ = {isa = PBXFileReference; lastKnownFileType = sourcecode.swift; path = ContentView.swift; sourceTree = "<group>"; };
		9FA8595F2AEE72B9006F30EE /* Assets.xcassets */ = {isa = PBXFileReference; lastKnownFileType = folder.assetcatalog; path = Assets.xcassets; sourceTree = "<group>"; };
		9FA859622AEE72B9006F30EE /* Preview Assets.xcassets */ = {isa = PBXFileReference; lastKnownFileType = folder.assetcatalog; path = "Preview Assets.xcassets"; sourceTree = "<group>"; };
		9FA859642AEE72B9006F30EE /* Persistence.swift */ = {isa = PBXFileReference; lastKnownFileType = sourcecode.swift; path = Persistence.swift; sourceTree = "<group>"; };
		9FA859672AEE72B9006F30EE /* Crypto.xcdatamodel */ = {isa = PBXFileReference; lastKnownFileType = wrapper.xcdatamodel; path = Crypto.xcdatamodel; sourceTree = "<group>"; };
		9FA8596D2AEE72B9006F30EE /* CryptoTests.xctest */ = {isa = PBXFileReference; explicitFileType = wrapper.cfbundle; includeInIndex = 0; path = CryptoTests.xctest; sourceTree = BUILT_PRODUCTS_DIR; };
		9FA859712AEE72B9006F30EE /* CryptoTests.swift */ = {isa = PBXFileReference; lastKnownFileType = sourcecode.swift; path = CryptoTests.swift; sourceTree = "<group>"; };
		9FA859772AEE72B9006F30EE /* CryptoUITests.xctest */ = {isa = PBXFileReference; explicitFileType = wrapper.cfbundle; includeInIndex = 0; path = CryptoUITests.xctest; sourceTree = BUILT_PRODUCTS_DIR; };
		9FA8597B2AEE72B9006F30EE /* CryptoUITests.swift */ = {isa = PBXFileReference; lastKnownFileType = sourcecode.swift; path = CryptoUITests.swift; sourceTree = "<group>"; };
		9FA8597D2AEE72B9006F30EE /* CryptoUITestsLaunchTests.swift */ = {isa = PBXFileReference; lastKnownFileType = sourcecode.swift; path = CryptoUITestsLaunchTests.swift; sourceTree = "<group>"; };
		9FA859932AEE7D02006F30EE /* HomeView.swift */ = {isa = PBXFileReference; lastKnownFileType = sourcecode.swift; path = HomeView.swift; sourceTree = "<group>"; };
		9FA859952AEE7D44006F30EE /* HomeViewModel.swift */ = {isa = PBXFileReference; lastKnownFileType = sourcecode.swift; path = HomeViewModel.swift; sourceTree = "<group>"; };
/* End PBXFileReference section */

/* Begin PBXFrameworksBuildPhase section */
		9FA859552AEE72B8006F30EE /* Frameworks */ = {
			isa = PBXFrameworksBuildPhase;
			buildActionMask = 2147483647;
			files = (
			);
			runOnlyForDeploymentPostprocessing = 0;
		};
		9FA8596A2AEE72B9006F30EE /* Frameworks */ = {
			isa = PBXFrameworksBuildPhase;
			buildActionMask = 2147483647;
			files = (
			);
			runOnlyForDeploymentPostprocessing = 0;
		};
		9FA859742AEE72B9006F30EE /* Frameworks */ = {
			isa = PBXFrameworksBuildPhase;
			buildActionMask = 2147483647;
			files = (
			);
			runOnlyForDeploymentPostprocessing = 0;
		};
/* End PBXFrameworksBuildPhase section */

/* Begin PBXGroup section */
		9FA8594F2AEE72B8006F30EE = {
			isa = PBXGroup;
			children = (
				9FA8595A2AEE72B8006F30EE /* Crypto */,
				9FA859702AEE72B9006F30EE /* CryptoTests */,
				9FA8597A2AEE72B9006F30EE /* CryptoUITests */,
				9FA859592AEE72B8006F30EE /* Products */,
			);
			sourceTree = "<group>";
		};
		9FA859592AEE72B8006F30EE /* Products */ = {
			isa = PBXGroup;
			children = (
				9FA859582AEE72B8006F30EE /* Crypto.app */,
				9FA8596D2AEE72B9006F30EE /* CryptoTests.xctest */,
				9FA859772AEE72B9006F30EE /* CryptoUITests.xctest */,
			);
			name = Products;
			sourceTree = "<group>";
		};
		9FA8595A2AEE72B8006F30EE /* Crypto */ = {
			isa = PBXGroup;
			children = (
				9FA8598F2AEE7CCA006F30EE /* Views */,
				9FA8598E2AEE7CC1006F30EE /* Utils */,
				9FA8598D2AEE7CB2006F30EE /* Screens */,
				9FA8598C2AEE7CAB006F30EE /* Models */,
				9FA8598B2AEE7CA3006F30EE /* Managers */,
				9FA8598A2AEE7C94006F30EE /* Extensions */,
				9FA8595B2AEE72B8006F30EE /* CryptoApp.swift */,
				9FA8595D2AEE72B8006F30EE /* ContentView.swift */,
				9FA8595F2AEE72B9006F30EE /* Assets.xcassets */,
				9FA859642AEE72B9006F30EE /* Persistence.swift */,
				9FA859662AEE72B9006F30EE /* Crypto.xcdatamodeld */,
				9FA859612AEE72B9006F30EE /* Preview Content */,
			);
			path = Crypto;
			sourceTree = "<group>";
		};
		9FA859612AEE72B9006F30EE /* Preview Content */ = {
			isa = PBXGroup;
			children = (
				9FA859622AEE72B9006F30EE /* Preview Assets.xcassets */,
			);
			path = "Preview Content";
			sourceTree = "<group>";
		};
		9FA859702AEE72B9006F30EE /* CryptoTests */ = {
			isa = PBXGroup;
			children = (
				9FA859712AEE72B9006F30EE /* CryptoTests.swift */,
			);
			path = CryptoTests;
			sourceTree = "<group>";
		};
		9FA8597A2AEE72B9006F30EE /* CryptoUITests */ = {
			isa = PBXGroup;
			children = (
				9FA8597B2AEE72B9006F30EE /* CryptoUITests.swift */,
				9FA8597D2AEE72B9006F30EE /* CryptoUITestsLaunchTests.swift */,
			);
			path = CryptoUITests;
			sourceTree = "<group>";
		};
		9FA8598A2AEE7C94006F30EE /* Extensions */ = {
			isa = PBXGroup;
			children = (
			);
			path = Extensions;
			sourceTree = "<group>";
		};
		9FA8598B2AEE7CA3006F30EE /* Managers */ = {
			isa = PBXGroup;
			children = (
			);
			path = Managers;
			sourceTree = "<group>";
		};
		9FA8598C2AEE7CAB006F30EE /* Models */ = {
			isa = PBXGroup;
			children = (
			);
			path = Models;
			sourceTree = "<group>";
		};
		9FA8598D2AEE7CB2006F30EE /* Screens */ = {
			isa = PBXGroup;
			children = (
				9FA859902AEE7CE1006F30EE /* Home */,
			);
			path = Screens;
			sourceTree = "<group>";
		};
		9FA8598E2AEE7CC1006F30EE /* Utils */ = {
			isa = PBXGroup;
			children = (
			);
			path = Utils;
			sourceTree = "<group>";
		};
		9FA8598F2AEE7CCA006F30EE /* Views */ = {
			isa = PBXGroup;
			children = (
			);
			path = Views;
			sourceTree = "<group>";
		};
		9FA859902AEE7CE1006F30EE /* Home */ = {
			isa = PBXGroup;
			children = (
				9FA859932AEE7D02006F30EE /* HomeView.swift */,
				9FA859952AEE7D44006F30EE /* HomeViewModel.swift */,
			);
			path = Home;
			sourceTree = "<group>";
		};
/* End PBXGroup section */

/* Begin PBXNativeTarget section */
		9FA859572AEE72B8006F30EE /* Crypto */ = {
			isa = PBXNativeTarget;
			buildConfigurationList = 9FA859812AEE72B9006F30EE /* Build configuration list for PBXNativeTarget "Crypto" */;
			buildPhases = (
				9FA859542AEE72B8006F30EE /* Sources */,
				9FA859552AEE72B8006F30EE /* Frameworks */,
				9FA859562AEE72B8006F30EE /* Resources */,
			);
			buildRules = (
			);
			dependencies = (
			);
			name = Crypto;
			productName = Crypto;
			productReference = 9FA859582AEE72B8006F30EE /* Crypto.app */;
			productType = "com.apple.product-type.application";
		};
		9FA8596C2AEE72B9006F30EE /* CryptoTests */ = {
			isa = PBXNativeTarget;
			buildConfigurationList = 9FA859842AEE72B9006F30EE /* Build configuration list for PBXNativeTarget "CryptoTests" */;
			buildPhases = (
				9FA859692AEE72B9006F30EE /* Sources */,
				9FA8596A2AEE72B9006F30EE /* Frameworks */,
				9FA8596B2AEE72B9006F30EE /* Resources */,
			);
			buildRules = (
			);
			dependencies = (
				9FA8596F2AEE72B9006F30EE /* PBXTargetDependency */,
			);
			name = CryptoTests;
			productName = CryptoTests;
			productReference = 9FA8596D2AEE72B9006F30EE /* CryptoTests.xctest */;
			productType = "com.apple.product-type.bundle.unit-test";
		};
		9FA859762AEE72B9006F30EE /* CryptoUITests */ = {
			isa = PBXNativeTarget;
			buildConfigurationList = 9FA859872AEE72B9006F30EE /* Build configuration list for PBXNativeTarget "CryptoUITests" */;
			buildPhases = (
				9FA859732AEE72B9006F30EE /* Sources */,
				9FA859742AEE72B9006F30EE /* Frameworks */,
				9FA859752AEE72B9006F30EE /* Resources */,
			);
			buildRules = (
			);
			dependencies = (
				9FA859792AEE72B9006F30EE /* PBXTargetDependency */,
			);
			name = CryptoUITests;
			productName = CryptoUITests;
			productReference = 9FA859772AEE72B9006F30EE /* CryptoUITests.xctest */;
			productType = "com.apple.product-type.bundle.ui-testing";
		};
/* End PBXNativeTarget section */

/* Begin PBXProject section */
		9FA859502AEE72B8006F30EE /* Project object */ = {
			isa = PBXProject;
			attributes = {
				BuildIndependentTargetsInParallel = 1;
				LastSwiftUpdateCheck = 1430;
				LastUpgradeCheck = 1430;
				TargetAttributes = {
					9FA859572AEE72B8006F30EE = {
						CreatedOnToolsVersion = 14.3.1;
					};
					9FA8596C2AEE72B9006F30EE = {
						CreatedOnToolsVersion = 14.3.1;
						TestTargetID = 9FA859572AEE72B8006F30EE;
					};
					9FA859762AEE72B9006F30EE = {
						CreatedOnToolsVersion = 14.3.1;
						TestTargetID = 9FA859572AEE72B8006F30EE;
					};
				};
			};
			buildConfigurationList = 9FA859532AEE72B8006F30EE /* Build configuration list for PBXProject "Crypto" */;
			compatibilityVersion = "Xcode 14.0";
			developmentRegion = en;
			hasScannedForEncodings = 0;
			knownRegions = (
				en,
				Base,
			);
			mainGroup = 9FA8594F2AEE72B8006F30EE;
			productRefGroup = 9FA859592AEE72B8006F30EE /* Products */;
			projectDirPath = "";
			projectRoot = "";
			targets = (
				9FA859572AEE72B8006F30EE /* Crypto */,
				9FA8596C2AEE72B9006F30EE /* CryptoTests */,
				9FA859762AEE72B9006F30EE /* CryptoUITests */,
			);
		};
/* End PBXProject section */

/* Begin PBXResourcesBuildPhase section */
		9FA859562AEE72B8006F30EE /* Resources */ = {
			isa = PBXResourcesBuildPhase;
			buildActionMask = 2147483647;
			files = (
				9FA859632AEE72B9006F30EE /* Preview Assets.xcassets in Resources */,
				9FA859602AEE72B9006F30EE /* Assets.xcassets in Resources */,
			);
			runOnlyForDeploymentPostprocessing = 0;
		};
		9FA8596B2AEE72B9006F30EE /* Resources */ = {
			isa = PBXResourcesBuildPhase;
			buildActionMask = 2147483647;
			files = (
			);
			runOnlyForDeploymentPostprocessing = 0;
		};
		9FA859752AEE72B9006F30EE /* Resources */ = {
			isa = PBXResourcesBuildPhase;
			buildActionMask = 2147483647;
			files = (
			);
			runOnlyForDeploymentPostprocessing = 0;
		};
/* End PBXResourcesBuildPhase section */

/* Begin PBXSourcesBuildPhase section */
		9FA859542AEE72B8006F30EE /* Sources */ = {
			isa = PBXSourcesBuildPhase;
			buildActionMask = 2147483647;
			files = (
				9FA859682AEE72B9006F30EE /* Crypto.xcdatamodeld in Sources */,
				9FA859962AEE7D44006F30EE /* HomeViewModel.swift in Sources */,
				9FA859652AEE72B9006F30EE /* Persistence.swift in Sources */,
				9FA8595E2AEE72B8006F30EE /* ContentView.swift in Sources */,
				9FA859942AEE7D02006F30EE /* HomeView.swift in Sources */,
				9FA8595C2AEE72B8006F30EE /* CryptoApp.swift in Sources */,
			);
			runOnlyForDeploymentPostprocessing = 0;
		};
		9FA859692AEE72B9006F30EE /* Sources */ = {
			isa = PBXSourcesBuildPhase;
			buildActionMask = 2147483647;
			files = (
				9FA859722AEE72B9006F30EE /* CryptoTests.swift in Sources */,
			);
			runOnlyForDeploymentPostprocessing = 0;
		};
		9FA859732AEE72B9006F30EE /* Sources */ = {
			isa = PBXSourcesBuildPhase;
			buildActionMask = 2147483647;
			files = (
				9FA8597C2AEE72B9006F30EE /* CryptoUITests.swift in Sources */,
				9FA8597E2AEE72B9006F30EE /* CryptoUITestsLaunchTests.swift in Sources */,
			);
			runOnlyForDeploymentPostprocessing = 0;
		};
/* End PBXSourcesBuildPhase section */

/* Begin PBXTargetDependency section */
		9FA8596F2AEE72B9006F30EE /* PBXTargetDependency */ = {
			isa = PBXTargetDependency;
			target = 9FA859572AEE72B8006F30EE /* Crypto */;
			targetProxy = 9FA8596E2AEE72B9006F30EE /* PBXContainerItemProxy */;
		};
		9FA859792AEE72B9006F30EE /* PBXTargetDependency */ = {
			isa = PBXTargetDependency;
			target = 9FA859572AEE72B8006F30EE /* Crypto */;
			targetProxy = 9FA859782AEE72B9006F30EE /* PBXContainerItemProxy */;
		};
/* End PBXTargetDependency section */

/* Begin XCBuildConfiguration section */
		9FA8597F2AEE72B9006F30EE /* Debug */ = {
			isa = XCBuildConfiguration;
			buildSettings = {
				ALWAYS_SEARCH_USER_PATHS = NO;
				CLANG_ANALYZER_NONNULL = YES;
				CLANG_ANALYZER_NUMBER_OBJECT_CONVERSION = YES_AGGRESSIVE;
				CLANG_CXX_LANGUAGE_STANDARD = "gnu++20";
				CLANG_ENABLE_MODULES = YES;
				CLANG_ENABLE_OBJC_ARC = YES;
				CLANG_ENABLE_OBJC_WEAK = YES;
				CLANG_WARN_BLOCK_CAPTURE_AUTORELEASING = YES;
				CLANG_WARN_BOOL_CONVERSION = YES;
				CLANG_WARN_COMMA = YES;
				CLANG_WARN_CONSTANT_CONVERSION = YES;
				CLANG_WARN_DEPRECATED_OBJC_IMPLEMENTATIONS = YES;
				CLANG_WARN_DIRECT_OBJC_ISA_USAGE = YES_ERROR;
				CLANG_WARN_DOCUMENTATION_COMMENTS = YES;
				CLANG_WARN_EMPTY_BODY = YES;
				CLANG_WARN_ENUM_CONVERSION = YES;
				CLANG_WARN_INFINITE_RECURSION = YES;
				CLANG_WARN_INT_CONVERSION = YES;
				CLANG_WARN_NON_LITERAL_NULL_CONVERSION = YES;
				CLANG_WARN_OBJC_IMPLICIT_RETAIN_SELF = YES;
				CLANG_WARN_OBJC_LITERAL_CONVERSION = YES;
				CLANG_WARN_OBJC_ROOT_CLASS = YES_ERROR;
				CLANG_WARN_QUOTED_INCLUDE_IN_FRAMEWORK_HEADER = YES;
				CLANG_WARN_RANGE_LOOP_ANALYSIS = YES;
				CLANG_WARN_STRICT_PROTOTYPES = YES;
				CLANG_WARN_SUSPICIOUS_MOVE = YES;
				CLANG_WARN_UNGUARDED_AVAILABILITY = YES_AGGRESSIVE;
				CLANG_WARN_UNREACHABLE_CODE = YES;
				CLANG_WARN__DUPLICATE_METHOD_MATCH = YES;
				COPY_PHASE_STRIP = NO;
				DEBUG_INFORMATION_FORMAT = dwarf;
				ENABLE_STRICT_OBJC_MSGSEND = YES;
				ENABLE_TESTABILITY = YES;
				GCC_C_LANGUAGE_STANDARD = gnu11;
				GCC_DYNAMIC_NO_PIC = NO;
				GCC_NO_COMMON_BLOCKS = YES;
				GCC_OPTIMIZATION_LEVEL = 0;
				GCC_PREPROCESSOR_DEFINITIONS = (
					"DEBUG=1",
					"$(inherited)",
				);
				GCC_WARN_64_TO_32_BIT_CONVERSION = YES;
				GCC_WARN_ABOUT_RETURN_TYPE = YES_ERROR;
				GCC_WARN_UNDECLARED_SELECTOR = YES;
				GCC_WARN_UNINITIALIZED_AUTOS = YES_AGGRESSIVE;
				GCC_WARN_UNUSED_FUNCTION = YES;
				GCC_WARN_UNUSED_VARIABLE = YES;
				IPHONEOS_DEPLOYMENT_TARGET = 16.4;
				MTL_ENABLE_DEBUG_INFO = INCLUDE_SOURCE;
				MTL_FAST_MATH = YES;
				ONLY_ACTIVE_ARCH = YES;
				SDKROOT = iphoneos;
				SWIFT_ACTIVE_COMPILATION_CONDITIONS = DEBUG;
				SWIFT_OPTIMIZATION_LEVEL = "-Onone";
			};
			name = Debug;
		};
		9FA859802AEE72B9006F30EE /* Release */ = {
			isa = XCBuildConfiguration;
			buildSettings = {
				ALWAYS_SEARCH_USER_PATHS = NO;
				CLANG_ANALYZER_NONNULL = YES;
				CLANG_ANALYZER_NUMBER_OBJECT_CONVERSION = YES_AGGRESSIVE;
				CLANG_CXX_LANGUAGE_STANDARD = "gnu++20";
				CLANG_ENABLE_MODULES = YES;
				CLANG_ENABLE_OBJC_ARC = YES;
				CLANG_ENABLE_OBJC_WEAK = YES;
				CLANG_WARN_BLOCK_CAPTURE_AUTORELEASING = YES;
				CLANG_WARN_BOOL_CONVERSION = YES;
				CLANG_WARN_COMMA = YES;
				CLANG_WARN_CONSTANT_CONVERSION = YES;
				CLANG_WARN_DEPRECATED_OBJC_IMPLEMENTATIONS = YES;
				CLANG_WARN_DIRECT_OBJC_ISA_USAGE = YES_ERROR;
				CLANG_WARN_DOCUMENTATION_COMMENTS = YES;
				CLANG_WARN_EMPTY_BODY = YES;
				CLANG_WARN_ENUM_CONVERSION = YES;
				CLANG_WARN_INFINITE_RECURSION = YES;
				CLANG_WARN_INT_CONVERSION = YES;
				CLANG_WARN_NON_LITERAL_NULL_CONVERSION = YES;
				CLANG_WARN_OBJC_IMPLICIT_RETAIN_SELF = YES;
				CLANG_WARN_OBJC_LITERAL_CONVERSION = YES;
				CLANG_WARN_OBJC_ROOT_CLASS = YES_ERROR;
				CLANG_WARN_QUOTED_INCLUDE_IN_FRAMEWORK_HEADER = YES;
				CLANG_WARN_RANGE_LOOP_ANALYSIS = YES;
				CLANG_WARN_STRICT_PROTOTYPES = YES;
				CLANG_WARN_SUSPICIOUS_MOVE = YES;
				CLANG_WARN_UNGUARDED_AVAILABILITY = YES_AGGRESSIVE;
				CLANG_WARN_UNREACHABLE_CODE = YES;
				CLANG_WARN__DUPLICATE_METHOD_MATCH = YES;
				COPY_PHASE_STRIP = NO;
				DEBUG_INFORMATION_FORMAT = "dwarf-with-dsym";
				ENABLE_NS_ASSERTIONS = NO;
				ENABLE_STRICT_OBJC_MSGSEND = YES;
				GCC_C_LANGUAGE_STANDARD = gnu11;
				GCC_NO_COMMON_BLOCKS = YES;
				GCC_WARN_64_TO_32_BIT_CONVERSION = YES;
				GCC_WARN_ABOUT_RETURN_TYPE = YES_ERROR;
				GCC_WARN_UNDECLARED_SELECTOR = YES;
				GCC_WARN_UNINITIALIZED_AUTOS = YES_AGGRESSIVE;
				GCC_WARN_UNUSED_FUNCTION = YES;
				GCC_WARN_UNUSED_VARIABLE = YES;
				IPHONEOS_DEPLOYMENT_TARGET = 16.4;
				MTL_ENABLE_DEBUG_INFO = NO;
				MTL_FAST_MATH = YES;
				SDKROOT = iphoneos;
				SWIFT_COMPILATION_MODE = wholemodule;
				SWIFT_OPTIMIZATION_LEVEL = "-O";
				VALIDATE_PRODUCT = YES;
			};
			name = Release;
		};
		9FA859822AEE72B9006F30EE /* Debug */ = {
			isa = XCBuildConfiguration;
			buildSettings = {
				ASSETCATALOG_COMPILER_APPICON_NAME = AppIcon;
				ASSETCATALOG_COMPILER_GLOBAL_ACCENT_COLOR_NAME = AccentColor;
				CODE_SIGN_STYLE = Automatic;
				CURRENT_PROJECT_VERSION = 1;
				DEVELOPMENT_ASSET_PATHS = "\"Crypto/Preview Content\"";
				DEVELOPMENT_TEAM = 828V74ATZS;
				ENABLE_PREVIEWS = YES;
				GENERATE_INFOPLIST_FILE = YES;
				INFOPLIST_KEY_UIApplicationSceneManifest_Generation = YES;
				INFOPLIST_KEY_UIApplicationSupportsIndirectInputEvents = YES;
				INFOPLIST_KEY_UILaunchScreen_Generation = YES;
				INFOPLIST_KEY_UISupportedInterfaceOrientations_iPad = "UIInterfaceOrientationPortrait UIInterfaceOrientationPortraitUpsideDown UIInterfaceOrientationLandscapeLeft UIInterfaceOrientationLandscapeRight";
				INFOPLIST_KEY_UISupportedInterfaceOrientations_iPhone = "UIInterfaceOrientationPortrait UIInterfaceOrientationLandscapeLeft UIInterfaceOrientationLandscapeRight";
				IPHONEOS_DEPLOYMENT_TARGET = 15.0;
				LD_RUNPATH_SEARCH_PATHS = (
					"$(inherited)",
					"@executable_path/Frameworks",
				);
				MARKETING_VERSION = 1.0;
				PRODUCT_BUNDLE_IDENTIFIER = com.luca.Crypto;
				PRODUCT_NAME = "$(TARGET_NAME)";
				SWIFT_EMIT_LOC_STRINGS = YES;
				SWIFT_VERSION = 5.0;
				TARGETED_DEVICE_FAMILY = "1,2";
			};
			name = Debug;
		};
		9FA859832AEE72B9006F30EE /* Release */ = {
			isa = XCBuildConfiguration;
			buildSettings = {
				ASSETCATALOG_COMPILER_APPICON_NAME = AppIcon;
				ASSETCATALOG_COMPILER_GLOBAL_ACCENT_COLOR_NAME = AccentColor;
				CODE_SIGN_STYLE = Automatic;
				CURRENT_PROJECT_VERSION = 1;
				DEVELOPMENT_ASSET_PATHS = "\"Crypto/Preview Content\"";
				DEVELOPMENT_TEAM = 828V74ATZS;
				ENABLE_PREVIEWS = YES;
				GENERATE_INFOPLIST_FILE = YES;
				INFOPLIST_KEY_UIApplicationSceneManifest_Generation = YES;
				INFOPLIST_KEY_UIApplicationSupportsIndirectInputEvents = YES;
				INFOPLIST_KEY_UILaunchScreen_Generation = YES;
				INFOPLIST_KEY_UISupportedInterfaceOrientations_iPad = "UIInterfaceOrientationPortrait UIInterfaceOrientationPortraitUpsideDown UIInterfaceOrientationLandscapeLeft UIInterfaceOrientationLandscapeRight";
				INFOPLIST_KEY_UISupportedInterfaceOrientations_iPhone = "UIInterfaceOrientationPortrait UIInterfaceOrientationLandscapeLeft UIInterfaceOrientationLandscapeRight";
				IPHONEOS_DEPLOYMENT_TARGET = 15.0;
				LD_RUNPATH_SEARCH_PATHS = (
					"$(inherited)",
					"@executable_path/Frameworks",
				);
				MARKETING_VERSION = 1.0;
				PRODUCT_BUNDLE_IDENTIFIER = com.luca.Crypto;
				PRODUCT_NAME = "$(TARGET_NAME)";
				SWIFT_EMIT_LOC_STRINGS = YES;
				SWIFT_VERSION = 5.0;
				TARGETED_DEVICE_FAMILY = "1,2";
			};
			name = Release;
		};
		9FA859852AEE72B9006F30EE /* Debug */ = {
			isa = XCBuildConfiguration;
			buildSettings = {
				ALWAYS_EMBED_SWIFT_STANDARD_LIBRARIES = YES;
				BUNDLE_LOADER = "$(TEST_HOST)";
				CODE_SIGN_STYLE = Automatic;
				CURRENT_PROJECT_VERSION = 1;
				DEVELOPMENT_TEAM = 828V74ATZS;
				GENERATE_INFOPLIST_FILE = YES;
				IPHONEOS_DEPLOYMENT_TARGET = 16.4;
				MARKETING_VERSION = 1.0;
				PRODUCT_BUNDLE_IDENTIFIER = com.luca.CryptoTests;
				PRODUCT_NAME = "$(TARGET_NAME)";
				SWIFT_EMIT_LOC_STRINGS = NO;
				SWIFT_VERSION = 5.0;
				TARGETED_DEVICE_FAMILY = "1,2";
				TEST_HOST = "$(BUILT_PRODUCTS_DIR)/Crypto.app/$(BUNDLE_EXECUTABLE_FOLDER_PATH)/Crypto";
			};
			name = Debug;
		};
		9FA859862AEE72B9006F30EE /* Release */ = {
			isa = XCBuildConfiguration;
			buildSettings = {
				ALWAYS_EMBED_SWIFT_STANDARD_LIBRARIES = YES;
				BUNDLE_LOADER = "$(TEST_HOST)";
				CODE_SIGN_STYLE = Automatic;
				CURRENT_PROJECT_VERSION = 1;
				DEVELOPMENT_TEAM = 828V74ATZS;
				GENERATE_INFOPLIST_FILE = YES;
				IPHONEOS_DEPLOYMENT_TARGET = 16.4;
				MARKETING_VERSION = 1.0;
				PRODUCT_BUNDLE_IDENTIFIER = com.luca.CryptoTests;
				PRODUCT_NAME = "$(TARGET_NAME)";
				SWIFT_EMIT_LOC_STRINGS = NO;
				SWIFT_VERSION = 5.0;
				TARGETED_DEVICE_FAMILY = "1,2";
				TEST_HOST = "$(BUILT_PRODUCTS_DIR)/Crypto.app/$(BUNDLE_EXECUTABLE_FOLDER_PATH)/Crypto";
			};
			name = Release;
		};
		9FA859882AEE72B9006F30EE /* Debug */ = {
			isa = XCBuildConfiguration;
			buildSettings = {
				ALWAYS_EMBED_SWIFT_STANDARD_LIBRARIES = YES;
				CODE_SIGN_STYLE = Automatic;
				CURRENT_PROJECT_VERSION = 1;
				DEVELOPMENT_TEAM = 828V74ATZS;
				GENERATE_INFOPLIST_FILE = YES;
				MARKETING_VERSION = 1.0;
				PRODUCT_BUNDLE_IDENTIFIER = com.luca.CryptoUITests;
				PRODUCT_NAME = "$(TARGET_NAME)";
				SWIFT_EMIT_LOC_STRINGS = NO;
				SWIFT_VERSION = 5.0;
				TARGETED_DEVICE_FAMILY = "1,2";
				TEST_TARGET_NAME = Crypto;
			};
			name = Debug;
		};
		9FA859892AEE72B9006F30EE /* Release */ = {
			isa = XCBuildConfiguration;
			buildSettings = {
				ALWAYS_EMBED_SWIFT_STANDARD_LIBRARIES = YES;
				CODE_SIGN_STYLE = Automatic;
				CURRENT_PROJECT_VERSION = 1;
				DEVELOPMENT_TEAM = 828V74ATZS;
				GENERATE_INFOPLIST_FILE = YES;
				MARKETING_VERSION = 1.0;
				PRODUCT_BUNDLE_IDENTIFIER = com.luca.CryptoUITests;
				PRODUCT_NAME = "$(TARGET_NAME)";
				SWIFT_EMIT_LOC_STRINGS = NO;
				SWIFT_VERSION = 5.0;
				TARGETED_DEVICE_FAMILY = "1,2";
				TEST_TARGET_NAME = Crypto;
			};
			name = Release;
		};
/* End XCBuildConfiguration section */

/* Begin XCConfigurationList section */
		9FA859532AEE72B8006F30EE /* Build configuration list for PBXProject "Crypto" */ = {
			isa = XCConfigurationList;
			buildConfigurations = (
				9FA8597F2AEE72B9006F30EE /* Debug */,
				9FA859802AEE72B9006F30EE /* Release */,
			);
			defaultConfigurationIsVisible = 0;
			defaultConfigurationName = Release;
		};
		9FA859812AEE72B9006F30EE /* Build configuration list for PBXNativeTarget "Crypto" */ = {
			isa = XCConfigurationList;
			buildConfigurations = (
				9FA859822AEE72B9006F30EE /* Debug */,
				9FA859832AEE72B9006F30EE /* Release */,
			);
			defaultConfigurationIsVisible = 0;
			defaultConfigurationName = Release;
		};
		9FA859842AEE72B9006F30EE /* Build configuration list for PBXNativeTarget "CryptoTests" */ = {
			isa = XCConfigurationList;
			buildConfigurations = (
				9FA859852AEE72B9006F30EE /* Debug */,
				9FA859862AEE72B9006F30EE /* Release */,
			);
			defaultConfigurationIsVisible = 0;
			defaultConfigurationName = Release;
		};
		9FA859872AEE72B9006F30EE /* Build configuration list for PBXNativeTarget "CryptoUITests" */ = {
			isa = XCConfigurationList;
			buildConfigurations = (
				9FA859882AEE72B9006F30EE /* Debug */,
				9FA859892AEE72B9006F30EE /* Release */,
			);
			defaultConfigurationIsVisible = 0;
			defaultConfigurationName = Release;
		};
/* End XCConfigurationList section */

/* Begin XCVersionGroup section */
		9FA859662AEE72B9006F30EE /* Crypto.xcdatamodeld */ = {
			isa = XCVersionGroup;
			children = (
				9FA859672AEE72B9006F30EE /* Crypto.xcdatamodel */,
			);
			currentVersion = 9FA859672AEE72B9006F30EE /* Crypto.xcdatamodel */;
			path = Crypto.xcdatamodeld;
			sourceTree = "<group>";
			versionGroupType = wrapper.xcdatamodel;
		};
/* End XCVersionGroup section */
	};
	rootObject = 9FA859502AEE72B8006F30EE /* Project object */;
}
